# This file was autogenerated by Stack.
# You should not edit this file by hand.
# For more information, please see the documentation at:
#   https://docs.haskellstack.org/en/stable/lock_files

packages:
- completed:
    hackage: tomland-1.0.1.0@sha256:d8a8d2c6a4a09966070fff3bdc64dd4700e35c061f21a0ba56fdad55035d9600,6204
    pantry-tree:
      size: 2978
      sha256: e76b58c88dcdda422803bab8c3dda65abbd8480bec6dbfc4a54671cafe04502e
  original:
    hackage: tomland-1.0.1.0
- completed:
    hackage: consul-haskell-0.4.2@sha256:706fd280476bd24ff6073af8dd3e95bef0eb952982a607b0f7acccf1ba8fab4c,1657
    pantry-tree:
      size: 415
      sha256: 82bef2c3e06ba13067470f0b005b2e64966933889b172889aebee256d90a094a
  original:
    hackage: consul-haskell-0.4.2
snapshots:
- completed:
    size: 499889
    url: https://raw.githubusercontent.com/commercialhaskell/stackage-snapshots/master/lts/13/26.yaml
    sha256: ecb02ee16829df8d7219e7d7fe6c310819820bf335b0b9534bce84d3ea896684
  original: lts-13.26
