# This file was autogenerated by Stack.
# You should not edit this file by hand.
# For more information, please see the documentation at:
#   https://docs.haskellstack.org/en/stable/lock_files

packages:
- completed:
    hackage: tomland-1.0.1.0@sha256:d8a8d2c6a4a09966070fff3bdc64dd4700e35c061f21a0ba56fdad55035d9600,6204
    pantry-tree:
      size: 2978
      sha256: e76b58c88dcdda422803bab8c3dda65abbd8480bec6dbfc4a54671cafe04502e
  original:
    hackage: tomland-1.0.1.0
- completed:
    cabal-file:
      size: 1657
      sha256: 706fd280476bd24ff6073af8dd3e95bef0eb952982a607b0f7acccf1ba8fab4c
    name: consul-haskell
    version: 0.4.2
    git: https://github.com/prakhunov/consul-haskell.git
    pantry-tree:
      size: 727
      sha256: 21c9e21136e5aa0eb0363570072db72574c29659d92ad3dae4f7908c718f0084
    commit: 6e9dd41acd5c5431aef3c07d9a36efb818b66aee
  original:
    git: https://github.com/prakhunov/consul-haskell.git
    commit: 6e9dd41acd5c5431aef3c07d9a36efb818b66aee
snapshots:
- completed:
    size: 499889
    url: https://raw.githubusercontent.com/commercialhaskell/stackage-snapshots/master/lts/13/26.yaml
    sha256: ecb02ee16829df8d7219e7d7fe6c310819820bf335b0b9534bce84d3ea896684
  original: lts-13.26
